{
    "_readme": [
        "This file locks the dependencies of your project to a known state",
        "Read more about it at https://getcomposer.org/doc/01-basic-usage.md#installing-dependencies",
        "This file is @generated automatically"
    ],
    "content-hash": "705cd8ba1659be79a9b54c629a332cf5",
    "packages": [
        {
            "name": "chdemko/bitarray",
            "version": "dev-main",
            "source": {
                "type": "git",
                "url": "https://github.com/chdemko/php-bitarray.git",
                "reference": "16c0642e6e4df5019a9ac487e30d1db0aeec251b"
            },
            "dist": {
                "type": "zip",
                "url": "https://api.github.com/repos/chdemko/php-bitarray/zipball/16c0642e6e4df5019a9ac487e30d1db0aeec251b",
                "reference": "16c0642e6e4df5019a9ac487e30d1db0aeec251b",
                "shasum": ""
            },
            "require": {
                "php": ">=8.2"
            },
            "require-dev": {
                "php-coveralls/php-coveralls": "^2.7",
                "phpunit/phpunit": "^11.3",
                "squizlabs/php_codesniffer": "^3.10"
            },
            "type": "library",
            "extra": {
                "branch-alias": {
                    "dev-main": "1.2.x-dev"
                }
            },
            "autoload": {
                "psr-4": {
                    "chdemko\\BitArray\\": "src/BitArray"
                }
            },
            "notification-url": "https://packagist.org/downloads/",
            "license": [
                "BSD-3-Clause"
            ],
            "authors": [
                {
                    "name": "Christophe Demko",
                    "email": "chdemko@gmail.com",
                    "homepage": "https://chdemko.pagelab.univ-lr.fr/",
                    "role": "Developer"
                }
            ],
            "description": "BitArray for PHP >= 8.2",
            "homepage": "http://github.com/chdemko/php-bitarray",
            "keywords": [
                "array",
                "bits",
                "iterator"
            ],
            "support": {
                "issues": "https://github.com/chdemko/php-bitarray/issues",
                "source": "https://github.com/chdemko/php-bitarray/tree/1.2.4"
            },
            "time": "2024-08-04T15:49:22+00:00"
        }
    ],
    "packages-dev": [],
    "aliases": [],
    "minimum-stability": "stable",
    "stability-flags": {
        "chdemko/bitarray": 20
    },
    "prefer-stable": false,
    "prefer-lowest": false,
    "platform": {},
    "platform-dev": {},
    "plugin-api-version": "2.6.0"
}
